// !$*UTF8*$!
{
	archiveVersion = 1;
	classes = {
	};
	objectVersion = 55;
	objects = {

/* Begin PBXBuildFile section */
		0C01508328AE52C900D41DC3 /* OnboardingContainerViewController.swift in Sources */ = {isa = PBXBuildFile; fileRef = 0C01508228AE52C900D41DC3 /* OnboardingContainerViewController.swift */; };
		0C0150E328B4FBFE00D41DC3 /* OnboardingViewController.swift in Sources */ = {isa = PBXBuildFile; fileRef = 0C0150E228B4FBFE00D41DC3 /* OnboardingViewController.swift */; };
		0C18519F28A27DDA00D32F02 /* AppDelegate.swift in Sources */ = {isa = PBXBuildFile; fileRef = 0C18519E28A27DDA00D32F02 /* AppDelegate.swift */; };
		0C1851A328A27DDA00D32F02 /* LoginViewController.swift in Sources */ = {isa = PBXBuildFile; fileRef = 0C1851A228A27DDA00D32F02 /* LoginViewController.swift */; };
		0C1851A828A27DDC00D32F02 /* Assets.xcassets in Resources */ = {isa = PBXBuildFile; fileRef = 0C1851A728A27DDC00D32F02 /* Assets.xcassets */; };
		0C1851AB28A27DDC00D32F02 /* LaunchScreen.storyboard in Resources */ = {isa = PBXBuildFile; fileRef = 0C1851A928A27DDC00D32F02 /* LaunchScreen.storyboard */; };
		0C1851B528A280F000D32F02 /* LoginView.swift in Sources */ = {isa = PBXBuildFile; fileRef = 0C1851B428A280F000D32F02 /* LoginView.swift */; };
		0C3B7F3128B78DDC001D51A6 /* DummyViewController.swift in Sources */ = {isa = PBXBuildFile; fileRef = 0C3B7F3028B78DDC001D51A6 /* DummyViewController.swift */; };
		0C3B7F3428B7BD09001D51A6 /* LocalState.swift in Sources */ = {isa = PBXBuildFile; fileRef = 0C3B7F3328B7BD09001D51A6 /* LocalState.swift */; };
		0C3B7F7628BE5563001D51A6 /* UIViewController+Utils.swift in Sources */ = {isa = PBXBuildFile; fileRef = 0C3B7F7528BE5563001D51A6 /* UIViewController+Utils.swift */; };
		0C3B7F7828BE562F001D51A6 /* MainViewController.swift in Sources */ = {isa = PBXBuildFile; fileRef = 0C3B7F7728BE562F001D51A6 /* MainViewController.swift */; };
		0C3B7F7A28BE5890001D51A6 /* AccountSummaryViewController.swift in Sources */ = {isa = PBXBuildFile; fileRef = 0C3B7F7928BE5890001D51A6 /* AccountSummaryViewController.swift */; };
		0C3B800628C791DA001D51A6 /* AccountSummaryHeaderView.swift in Sources */ = {isa = PBXBuildFile; fileRef = 0C3B800528C791DA001D51A6 /* AccountSummaryHeaderView.swift */; };
		0C3B800828C79205001D51A6 /* AccountSummaryHeaderView.xib in Resources */ = {isa = PBXBuildFile; fileRef = 0C3B800728C79205001D51A6 /* AccountSummaryHeaderView.xib */; };
/* End PBXBuildFile section */

/* Begin PBXFileReference section */
		0C01508228AE52C900D41DC3 /* OnboardingContainerViewController.swift */ = {isa = PBXFileReference; lastKnownFileType = sourcecode.swift; path = OnboardingContainerViewController.swift; sourceTree = "<group>"; };
		0C0150E228B4FBFE00D41DC3 /* OnboardingViewController.swift */ = {isa = PBXFileReference; lastKnownFileType = sourcecode.swift; path = OnboardingViewController.swift; sourceTree = "<group>"; };
		0C18519B28A27DDA00D32F02 /* Udemy_Bankey.app */ = {isa = PBXFileReference; explicitFileType = wrapper.application; includeInIndex = 0; path = Udemy_Bankey.app; sourceTree = BUILT_PRODUCTS_DIR; };
		0C18519E28A27DDA00D32F02 /* AppDelegate.swift */ = {isa = PBXFileReference; lastKnownFileType = sourcecode.swift; path = AppDelegate.swift; sourceTree = "<group>"; };
		0C1851A228A27DDA00D32F02 /* LoginViewController.swift */ = {isa = PBXFileReference; lastKnownFileType = sourcecode.swift; path = LoginViewController.swift; sourceTree = "<group>"; };
		0C1851A728A27DDC00D32F02 /* Assets.xcassets */ = {isa = PBXFileReference; lastKnownFileType = folder.assetcatalog; path = Assets.xcassets; sourceTree = "<group>"; };
		0C1851AA28A27DDC00D32F02 /* Base */ = {isa = PBXFileReference; lastKnownFileType = file.storyboard; name = Base; path = Base.lproj/LaunchScreen.storyboard; sourceTree = "<group>"; };
		0C1851AC28A27DDC00D32F02 /* Info.plist */ = {isa = PBXFileReference; lastKnownFileType = text.plist.xml; path = Info.plist; sourceTree = "<group>"; };
		0C1851B428A280F000D32F02 /* LoginView.swift */ = {isa = PBXFileReference; lastKnownFileType = sourcecode.swift; path = LoginView.swift; sourceTree = "<group>"; };
		0C3B7F3028B78DDC001D51A6 /* DummyViewController.swift */ = {isa = PBXFileReference; lastKnownFileType = sourcecode.swift; path = DummyViewController.swift; sourceTree = "<group>"; };
		0C3B7F3328B7BD09001D51A6 /* LocalState.swift */ = {isa = PBXFileReference; lastKnownFileType = sourcecode.swift; path = LocalState.swift; sourceTree = "<group>"; };
		0C3B7F7528BE5563001D51A6 /* UIViewController+Utils.swift */ = {isa = PBXFileReference; lastKnownFileType = sourcecode.swift; path = "UIViewController+Utils.swift"; sourceTree = "<group>"; };
		0C3B7F7728BE562F001D51A6 /* MainViewController.swift */ = {isa = PBXFileReference; lastKnownFileType = sourcecode.swift; path = MainViewController.swift; sourceTree = "<group>"; };
		0C3B7F7928BE5890001D51A6 /* AccountSummaryViewController.swift */ = {isa = PBXFileReference; lastKnownFileType = sourcecode.swift; path = AccountSummaryViewController.swift; sourceTree = "<group>"; };
		0C3B800528C791DA001D51A6 /* AccountSummaryHeaderView.swift */ = {isa = PBXFileReference; lastKnownFileType = sourcecode.swift; path = AccountSummaryHeaderView.swift; sourceTree = "<group>"; };
		0C3B800728C79205001D51A6 /* AccountSummaryHeaderView.xib */ = {isa = PBXFileReference; lastKnownFileType = file.xib; path = AccountSummaryHeaderView.xib; sourceTree = "<group>"; };
/* End PBXFileReference section */

/* Begin PBXFrameworksBuildPhase section */
		0C18519828A27DDA00D32F02 /* Frameworks */ = {
			isa = PBXFrameworksBuildPhase;
			buildActionMask = 2147483647;
			files = (
			);
			runOnlyForDeploymentPostprocessing = 0;
		};
/* End PBXFrameworksBuildPhase section */

/* Begin PBXGroup section */
		0C01507F28AE528800D41DC3 /* Onboarding */ = {
			isa = PBXGroup;
			children = (
				0C01508228AE52C900D41DC3 /* OnboardingContainerViewController.swift */,
				0C0150E228B4FBFE00D41DC3 /* OnboardingViewController.swift */,
			);
			path = Onboarding;
			sourceTree = "<group>";
		};
		0C18519228A27DDA00D32F02 = {
			isa = PBXGroup;
			children = (
				0C18519D28A27DDA00D32F02 /* Udemy_Bankey */,
				0C18519C28A27DDA00D32F02 /* Products */,
			);
			sourceTree = "<group>";
		};
		0C18519C28A27DDA00D32F02 /* Products */ = {
			isa = PBXGroup;
			children = (
				0C18519B28A27DDA00D32F02 /* Udemy_Bankey.app */,
			);
			name = Products;
			sourceTree = "<group>";
		};
		0C18519D28A27DDA00D32F02 /* Udemy_Bankey */ = {
			isa = PBXGroup;
			children = (
				0C18519E28A27DDA00D32F02 /* AppDelegate.swift */,
				0C3B7F7728BE562F001D51A6 /* MainViewController.swift */,
				0C3B7F3228B7BCFA001D51A6 /* Utils */,
				0C01507F28AE528800D41DC3 /* Onboarding */,
				0C1851B328A280D000D32F02 /* Login */,
				0C1851B228A2808800D32F02 /* Files */,
				0C3B7F7B28BE58A5001D51A6 /* AccountSummary */,
			);
			path = Udemy_Bankey;
			sourceTree = "<group>";
		};
		0C1851B228A2808800D32F02 /* Files */ = {
			isa = PBXGroup;
			children = (
				0C1851A728A27DDC00D32F02 /* Assets.xcassets */,
				0C1851A928A27DDC00D32F02 /* LaunchScreen.storyboard */,
				0C1851AC28A27DDC00D32F02 /* Info.plist */,
			);
			name = Files;
			sourceTree = "<group>";
		};
		0C1851B328A280D000D32F02 /* Login */ = {
			isa = PBXGroup;
			children = (
				0C1851B428A280F000D32F02 /* LoginView.swift */,
				0C1851A228A27DDA00D32F02 /* LoginViewController.swift */,
				0C3B7F3028B78DDC001D51A6 /* DummyViewController.swift */,
			);
			path = Login;
			sourceTree = "<group>";
		};
		0C3B7F3228B7BCFA001D51A6 /* Utils */ = {
			isa = PBXGroup;
			children = (
				0C3B7F3328B7BD09001D51A6 /* LocalState.swift */,
				0C3B7F7528BE5563001D51A6 /* UIViewController+Utils.swift */,
			);
			path = Utils;
			sourceTree = "<group>";
		};
		0C3B7F7B28BE58A5001D51A6 /* AccountSummary */ = {
			isa = PBXGroup;
			children = (
				0C3B7F7928BE5890001D51A6 /* AccountSummaryViewController.swift */,
				0C3B800528C791DA001D51A6 /* AccountSummaryHeaderView.swift */,
				0C3B800728C79205001D51A6 /* AccountSummaryHeaderView.xib */,
			);
			path = AccountSummary;
			sourceTree = "<group>";
		};
/* End PBXGroup section */

/* Begin PBXNativeTarget section */
		0C18519A28A27DDA00D32F02 /* Udemy_Bankey */ = {
			isa = PBXNativeTarget;
			buildConfigurationList = 0C1851AF28A27DDC00D32F02 /* Build configuration list for PBXNativeTarget "Udemy_Bankey" */;
			buildPhases = (
				0C18519728A27DDA00D32F02 /* Sources */,
				0C18519828A27DDA00D32F02 /* Frameworks */,
				0C18519928A27DDA00D32F02 /* Resources */,
			);
			buildRules = (
			);
			dependencies = (
			);
			name = Udemy_Bankey;
			productName = Udemy_Bankey;
			productReference = 0C18519B28A27DDA00D32F02 /* Udemy_Bankey.app */;
			productType = "com.apple.product-type.application";
		};
/* End PBXNativeTarget section */

/* Begin PBXProject section */
		0C18519328A27DDA00D32F02 /* Project object */ = {
			isa = PBXProject;
			attributes = {
				BuildIndependentTargetsInParallel = 1;
				LastSwiftUpdateCheck = 1340;
				LastUpgradeCheck = 1340;
				TargetAttributes = {
					0C18519A28A27DDA00D32F02 = {
						CreatedOnToolsVersion = 13.4.1;
					};
				};
			};
			buildConfigurationList = 0C18519628A27DDA00D32F02 /* Build configuration list for PBXProject "Udemy_Bankey" */;
			compatibilityVersion = "Xcode 13.0";
			developmentRegion = en;
			hasScannedForEncodings = 0;
			knownRegions = (
				en,
				Base,
			);
			mainGroup = 0C18519228A27DDA00D32F02;
			productRefGroup = 0C18519C28A27DDA00D32F02 /* Products */;
			projectDirPath = "";
			projectRoot = "";
			targets = (
				0C18519A28A27DDA00D32F02 /* Udemy_Bankey */,
			);
		};
/* End PBXProject section */

/* Begin PBXResourcesBuildPhase section */
		0C18519928A27DDA00D32F02 /* Resources */ = {
			isa = PBXResourcesBuildPhase;
			buildActionMask = 2147483647;
			files = (
				0C3B800828C79205001D51A6 /* AccountSummaryHeaderView.xib in Resources */,
				0C1851AB28A27DDC00D32F02 /* LaunchScreen.storyboard in Resources */,
				0C1851A828A27DDC00D32F02 /* Assets.xcassets in Resources */,
			);
			runOnlyForDeploymentPostprocessing = 0;
		};
/* End PBXResourcesBuildPhase section */

/* Begin PBXSourcesBuildPhase section */
		0C18519728A27DDA00D32F02 /* Sources */ = {
			isa = PBXSourcesBuildPhase;
			buildActionMask = 2147483647;
			files = (
				0C3B7F7628BE5563001D51A6 /* UIViewController+Utils.swift in Sources */,
				0C3B7F3128B78DDC001D51A6 /* DummyViewController.swift in Sources */,
				0C3B7F3428B7BD09001D51A6 /* LocalState.swift in Sources */,
				0C3B800628C791DA001D51A6 /* AccountSummaryHeaderView.swift in Sources */,
				0C0150E328B4FBFE00D41DC3 /* OnboardingViewController.swift in Sources */,
				0C1851B528A280F000D32F02 /* LoginView.swift in Sources */,
				0C1851A328A27DDA00D32F02 /* LoginViewController.swift in Sources */,
				0C3B7F7828BE562F001D51A6 /* MainViewController.swift in Sources */,
				0C3B7F7A28BE5890001D51A6 /* AccountSummaryViewController.swift in Sources */,
				0C18519F28A27DDA00D32F02 /* AppDelegate.swift in Sources */,
				0C01508328AE52C900D41DC3 /* OnboardingContainerViewController.swift in Sources */,
			);
			runOnlyForDeploymentPostprocessing = 0;
		};
/* End PBXSourcesBuildPhase section */

/* Begin PBXVariantGroup section */
		0C1851A928A27DDC00D32F02 /* LaunchScreen.storyboard */ = {
			isa = PBXVariantGroup;
			children = (
				0C1851AA28A27DDC00D32F02 /* Base */,
			);
			name = LaunchScreen.storyboard;
			sourceTree = "<group>";
		};
/* End PBXVariantGroup section */

/* Begin XCBuildConfiguration section */
		0C1851AD28A27DDC00D32F02 /* Debug */ = {
			isa = XCBuildConfiguration;
			buildSettings = {
				ALWAYS_SEARCH_USER_PATHS = NO;
				CLANG_ANALYZER_NONNULL = YES;
				CLANG_ANALYZER_NUMBER_OBJECT_CONVERSION = YES_AGGRESSIVE;
				CLANG_CXX_LANGUAGE_STANDARD = "gnu++17";
				CLANG_ENABLE_MODULES = YES;
				CLANG_ENABLE_OBJC_ARC = YES;
				CLANG_ENABLE_OBJC_WEAK = YES;
				CLANG_WARN_BLOCK_CAPTURE_AUTORELEASING = YES;
				CLANG_WARN_BOOL_CONVERSION = YES;
				CLANG_WARN_COMMA = YES;
				CLANG_WARN_CONSTANT_CONVERSION = YES;
				CLANG_WARN_DEPRECATED_OBJC_IMPLEMENTATIONS = YES;
				CLANG_WARN_DIRECT_OBJC_ISA_USAGE = YES_ERROR;
				CLANG_WARN_DOCUMENTATION_COMMENTS = YES;
				CLANG_WARN_EMPTY_BODY = YES;
				CLANG_WARN_ENUM_CONVERSION = YES;
				CLANG_WARN_INFINITE_RECURSION = YES;
				CLANG_WARN_INT_CONVERSION = YES;
				CLANG_WARN_NON_LITERAL_NULL_CONVERSION = YES;
				CLANG_WARN_OBJC_IMPLICIT_RETAIN_SELF = YES;
				CLANG_WARN_OBJC_LITERAL_CONVERSION = YES;
				CLANG_WARN_OBJC_ROOT_CLASS = YES_ERROR;
				CLANG_WARN_QUOTED_INCLUDE_IN_FRAMEWORK_HEADER = YES;
				CLANG_WARN_RANGE_LOOP_ANALYSIS = YES;
				CLANG_WARN_STRICT_PROTOTYPES = YES;
				CLANG_WARN_SUSPICIOUS_MOVE = YES;
				CLANG_WARN_UNGUARDED_AVAILABILITY = YES_AGGRESSIVE;
				CLANG_WARN_UNREACHABLE_CODE = YES;
				CLANG_WARN__DUPLICATE_METHOD_MATCH = YES;
				COPY_PHASE_STRIP = NO;
				DEBUG_INFORMATION_FORMAT = dwarf;
				ENABLE_STRICT_OBJC_MSGSEND = YES;
				ENABLE_TESTABILITY = YES;
				GCC_C_LANGUAGE_STANDARD = gnu11;
				GCC_DYNAMIC_NO_PIC = NO;
				GCC_NO_COMMON_BLOCKS = YES;
				GCC_OPTIMIZATION_LEVEL = 0;
				GCC_PREPROCESSOR_DEFINITIONS = (
					"DEBUG=1",
					"$(inherited)",
				);
				GCC_WARN_64_TO_32_BIT_CONVERSION = YES;
				GCC_WARN_ABOUT_RETURN_TYPE = YES_ERROR;
				GCC_WARN_UNDECLARED_SELECTOR = YES;
				GCC_WARN_UNINITIALIZED_AUTOS = YES_AGGRESSIVE;
				GCC_WARN_UNUSED_FUNCTION = YES;
				GCC_WARN_UNUSED_VARIABLE = YES;
				IPHONEOS_DEPLOYMENT_TARGET = 15.5;
				MTL_ENABLE_DEBUG_INFO = INCLUDE_SOURCE;
				MTL_FAST_MATH = YES;
				ONLY_ACTIVE_ARCH = YES;
				SDKROOT = iphoneos;
				SWIFT_ACTIVE_COMPILATION_CONDITIONS = DEBUG;
				SWIFT_OPTIMIZATION_LEVEL = "-Onone";
			};
			name = Debug;
		};
		0C1851AE28A27DDC00D32F02 /* Release */ = {
			isa = XCBuildConfiguration;
			buildSettings = {
				ALWAYS_SEARCH_USER_PATHS = NO;
				CLANG_ANALYZER_NONNULL = YES;
				CLANG_ANALYZER_NUMBER_OBJECT_CONVERSION = YES_AGGRESSIVE;
				CLANG_CXX_LANGUAGE_STANDARD = "gnu++17";
				CLANG_ENABLE_MODULES = YES;
				CLANG_ENABLE_OBJC_ARC = YES;
				CLANG_ENABLE_OBJC_WEAK = YES;
				CLANG_WARN_BLOCK_CAPTURE_AUTORELEASING = YES;
				CLANG_WARN_BOOL_CONVERSION = YES;
				CLANG_WARN_COMMA = YES;
				CLANG_WARN_CONSTANT_CONVERSION = YES;
				CLANG_WARN_DEPRECATED_OBJC_IMPLEMENTATIONS = YES;
				CLANG_WARN_DIRECT_OBJC_ISA_USAGE = YES_ERROR;
				CLANG_WARN_DOCUMENTATION_COMMENTS = YES;
				CLANG_WARN_EMPTY_BODY = YES;
				CLANG_WARN_ENUM_CONVERSION = YES;
				CLANG_WARN_INFINITE_RECURSION = YES;
				CLANG_WARN_INT_CONVERSION = YES;
				CLANG_WARN_NON_LITERAL_NULL_CONVERSION = YES;
				CLANG_WARN_OBJC_IMPLICIT_RETAIN_SELF = YES;
				CLANG_WARN_OBJC_LITERAL_CONVERSION = YES;
				CLANG_WARN_OBJC_ROOT_CLASS = YES_ERROR;
				CLANG_WARN_QUOTED_INCLUDE_IN_FRAMEWORK_HEADER = YES;
				CLANG_WARN_RANGE_LOOP_ANALYSIS = YES;
				CLANG_WARN_STRICT_PROTOTYPES = YES;
				CLANG_WARN_SUSPICIOUS_MOVE = YES;
				CLANG_WARN_UNGUARDED_AVAILABILITY = YES_AGGRESSIVE;
				CLANG_WARN_UNREACHABLE_CODE = YES;
				CLANG_WARN__DUPLICATE_METHOD_MATCH = YES;
				COPY_PHASE_STRIP = NO;
				DEBUG_INFORMATION_FORMAT = "dwarf-with-dsym";
				ENABLE_NS_ASSERTIONS = NO;
				ENABLE_STRICT_OBJC_MSGSEND = YES;
				GCC_C_LANGUAGE_STANDARD = gnu11;
				GCC_NO_COMMON_BLOCKS = YES;
				GCC_WARN_64_TO_32_BIT_CONVERSION = YES;
				GCC_WARN_ABOUT_RETURN_TYPE = YES_ERROR;
				GCC_WARN_UNDECLARED_SELECTOR = YES;
				GCC_WARN_UNINITIALIZED_AUTOS = YES_AGGRESSIVE;
				GCC_WARN_UNUSED_FUNCTION = YES;
				GCC_WARN_UNUSED_VARIABLE = YES;
				IPHONEOS_DEPLOYMENT_TARGET = 15.5;
				MTL_ENABLE_DEBUG_INFO = NO;
				MTL_FAST_MATH = YES;
				SDKROOT = iphoneos;
				SWIFT_COMPILATION_MODE = wholemodule;
				SWIFT_OPTIMIZATION_LEVEL = "-O";
				VALIDATE_PRODUCT = YES;
			};
			name = Release;
		};
		0C1851B028A27DDC00D32F02 /* Debug */ = {
			isa = XCBuildConfiguration;
			buildSettings = {
				ASSETCATALOG_COMPILER_APPICON_NAME = AppIcon;
				ASSETCATALOG_COMPILER_GLOBAL_ACCENT_COLOR_NAME = AccentColor;
				CODE_SIGN_STYLE = Automatic;
				CURRENT_PROJECT_VERSION = 1;
				DEVELOPMENT_TEAM = Y89LJ6BC92;
				GENERATE_INFOPLIST_FILE = YES;
				INFOPLIST_FILE = Udemy_Bankey/Info.plist;
				INFOPLIST_KEY_UIApplicationSupportsIndirectInputEvents = YES;
				INFOPLIST_KEY_UILaunchStoryboardName = LaunchScreen;
				INFOPLIST_KEY_UISupportedInterfaceOrientations_iPad = "UIInterfaceOrientationPortrait UIInterfaceOrientationPortraitUpsideDown UIInterfaceOrientationLandscapeLeft UIInterfaceOrientationLandscapeRight";
				INFOPLIST_KEY_UISupportedInterfaceOrientations_iPhone = "UIInterfaceOrientationPortrait UIInterfaceOrientationLandscapeLeft UIInterfaceOrientationLandscapeRight";
				LD_RUNPATH_SEARCH_PATHS = (
					"$(inherited)",
					"@executable_path/Frameworks",
				);
				MARKETING_VERSION = 1.0;
				PRODUCT_BUNDLE_IDENTIFIER = "com.yyjyyj333.Udemy-Bankey";
				PRODUCT_NAME = "$(TARGET_NAME)";
				SWIFT_EMIT_LOC_STRINGS = YES;
				SWIFT_VERSION = 5.0;
				TARGETED_DEVICE_FAMILY = "1,2";
			};
			name = Debug;
		};
		0C1851B128A27DDC00D32F02 /* Release */ = {
			isa = XCBuildConfiguration;
			buildSettings = {
				ASSETCATALOG_COMPILER_APPICON_NAME = AppIcon;
				ASSETCATALOG_COMPILER_GLOBAL_ACCENT_COLOR_NAME = AccentColor;
				CODE_SIGN_STYLE = Automatic;
				CURRENT_PROJECT_VERSION = 1;
				DEVELOPMENT_TEAM = Y89LJ6BC92;
				GENERATE_INFOPLIST_FILE = YES;
				INFOPLIST_FILE = Udemy_Bankey/Info.plist;
				INFOPLIST_KEY_UIApplicationSupportsIndirectInputEvents = YES;
				INFOPLIST_KEY_UILaunchStoryboardName = LaunchScreen;
				INFOPLIST_KEY_UISupportedInterfaceOrientations_iPad = "UIInterfaceOrientationPortrait UIInterfaceOrientationPortraitUpsideDown UIInterfaceOrientationLandscapeLeft UIInterfaceOrientationLandscapeRight";
				INFOPLIST_KEY_UISupportedInterfaceOrientations_iPhone = "UIInterfaceOrientationPortrait UIInterfaceOrientationLandscapeLeft UIInterfaceOrientationLandscapeRight";
				LD_RUNPATH_SEARCH_PATHS = (
					"$(inherited)",
					"@executable_path/Frameworks",
				);
				MARKETING_VERSION = 1.0;
				PRODUCT_BUNDLE_IDENTIFIER = "com.yyjyyj333.Udemy-Bankey";
				PRODUCT_NAME = "$(TARGET_NAME)";
				SWIFT_EMIT_LOC_STRINGS = YES;
				SWIFT_VERSION = 5.0;
				TARGETED_DEVICE_FAMILY = "1,2";
			};
			name = Release;
		};
/* End XCBuildConfiguration section */

/* Begin XCConfigurationList section */
		0C18519628A27DDA00D32F02 /* Build configuration list for PBXProject "Udemy_Bankey" */ = {
			isa = XCConfigurationList;
			buildConfigurations = (
				0C1851AD28A27DDC00D32F02 /* Debug */,
				0C1851AE28A27DDC00D32F02 /* Release */,
			);
			defaultConfigurationIsVisible = 0;
			defaultConfigurationName = Release;
		};
		0C1851AF28A27DDC00D32F02 /* Build configuration list for PBXNativeTarget "Udemy_Bankey" */ = {
			isa = XCConfigurationList;
			buildConfigurations = (
				0C1851B028A27DDC00D32F02 /* Debug */,
				0C1851B128A27DDC00D32F02 /* Release */,
			);
			defaultConfigurationIsVisible = 0;
			defaultConfigurationName = Release;
		};
/* End XCConfigurationList section */
	};
	rootObject = 0C18519328A27DDA00D32F02 /* Project object */;
}
