// !$*UTF8*$!
{
	archiveVersion = 1;
	classes = {
	};
	objectVersion = 56;
	objects = {

/* Begin PBXBuildFile section */
		0C0AA5E52A7A986F003E13AC /* DetailViewController.swift in Sources */ = {isa = PBXBuildFile; fileRef = 0C0AA5E42A7A986F003E13AC /* DetailViewController.swift */; };
		0C6312E32A72B40200D13985 /* PhotoLibrary.swift in Sources */ = {isa = PBXBuildFile; fileRef = 0C6312E22A72B40200D13985 /* PhotoLibrary.swift */; };
		0C6312E52A77D10000D13985 /* PHAssetCollection.swift in Sources */ = {isa = PBXBuildFile; fileRef = 0C6312E42A77D10000D13985 /* PHAssetCollection.swift */; };
		0C6312E72A77D7E400D13985 /* PHAsset.swift in Sources */ = {isa = PBXBuildFile; fileRef = 0C6312E62A77D7E400D13985 /* PHAsset.swift */; };
		0C6312E92A77E00E00D13985 /* PhotosViewController.swift in Sources */ = {isa = PBXBuildFile; fileRef = 0C6312E82A77E00E00D13985 /* PhotosViewController.swift */; };
		0C6312EB2A77E28900D13985 /* PhotosCollectionViewCell.swift in Sources */ = {isa = PBXBuildFile; fileRef = 0C6312EA2A77E28900D13985 /* PhotosCollectionViewCell.swift */; };
		0CDAEE902A54499A0081143A /* AlbumCollectionViewCell.swift in Sources */ = {isa = PBXBuildFile; fileRef = 0CDAEE8F2A54499A0081143A /* AlbumCollectionViewCell.swift */; };
		0CF82E0A2A52F3830033FAAF /* AppDelegate.swift in Sources */ = {isa = PBXBuildFile; fileRef = 0CF82E092A52F3830033FAAF /* AppDelegate.swift */; };
		0CF82E0C2A52F3830033FAAF /* SceneDelegate.swift in Sources */ = {isa = PBXBuildFile; fileRef = 0CF82E0B2A52F3830033FAAF /* SceneDelegate.swift */; };
		0CF82E0E2A52F3830033FAAF /* AlbumViewController.swift in Sources */ = {isa = PBXBuildFile; fileRef = 0CF82E0D2A52F3830033FAAF /* AlbumViewController.swift */; };
		0CF82E132A52F3840033FAAF /* Assets.xcassets in Resources */ = {isa = PBXBuildFile; fileRef = 0CF82E122A52F3840033FAAF /* Assets.xcassets */; };
		0CF82E162A52F3840033FAAF /* LaunchScreen.storyboard in Resources */ = {isa = PBXBuildFile; fileRef = 0CF82E142A52F3840033FAAF /* LaunchScreen.storyboard */; };
/* End PBXBuildFile section */

/* Begin PBXFileReference section */
		0C0AA5E42A7A986F003E13AC /* DetailViewController.swift */ = {isa = PBXFileReference; lastKnownFileType = sourcecode.swift; path = DetailViewController.swift; sourceTree = "<group>"; };
		0C6312E22A72B40200D13985 /* PhotoLibrary.swift */ = {isa = PBXFileReference; lastKnownFileType = sourcecode.swift; path = PhotoLibrary.swift; sourceTree = "<group>"; };
		0C6312E42A77D10000D13985 /* PHAssetCollection.swift */ = {isa = PBXFileReference; lastKnownFileType = sourcecode.swift; path = PHAssetCollection.swift; sourceTree = "<group>"; };
		0C6312E62A77D7E400D13985 /* PHAsset.swift */ = {isa = PBXFileReference; lastKnownFileType = sourcecode.swift; path = PHAsset.swift; sourceTree = "<group>"; };
		0C6312E82A77E00E00D13985 /* PhotosViewController.swift */ = {isa = PBXFileReference; lastKnownFileType = sourcecode.swift; path = PhotosViewController.swift; sourceTree = "<group>"; };
		0C6312EA2A77E28900D13985 /* PhotosCollectionViewCell.swift */ = {isa = PBXFileReference; lastKnownFileType = sourcecode.swift; path = PhotosCollectionViewCell.swift; sourceTree = "<group>"; };
		0CDAEE8F2A54499A0081143A /* AlbumCollectionViewCell.swift */ = {isa = PBXFileReference; lastKnownFileType = sourcecode.swift; path = AlbumCollectionViewCell.swift; sourceTree = "<group>"; };
		0CF82E062A52F3830033FAAF /* PhotoPicker_Example.app */ = {isa = PBXFileReference; explicitFileType = wrapper.application; includeInIndex = 0; path = PhotoPicker_Example.app; sourceTree = BUILT_PRODUCTS_DIR; };
		0CF82E092A52F3830033FAAF /* AppDelegate.swift */ = {isa = PBXFileReference; lastKnownFileType = sourcecode.swift; path = AppDelegate.swift; sourceTree = "<group>"; };
		0CF82E0B2A52F3830033FAAF /* SceneDelegate.swift */ = {isa = PBXFileReference; lastKnownFileType = sourcecode.swift; path = SceneDelegate.swift; sourceTree = "<group>"; };
		0CF82E0D2A52F3830033FAAF /* AlbumViewController.swift */ = {isa = PBXFileReference; lastKnownFileType = sourcecode.swift; path = AlbumViewController.swift; sourceTree = "<group>"; };
		0CF82E122A52F3840033FAAF /* Assets.xcassets */ = {isa = PBXFileReference; lastKnownFileType = folder.assetcatalog; path = Assets.xcassets; sourceTree = "<group>"; };
		0CF82E152A52F3840033FAAF /* Base */ = {isa = PBXFileReference; lastKnownFileType = file.storyboard; name = Base; path = Base.lproj/LaunchScreen.storyboard; sourceTree = "<group>"; };
		0CF82E172A52F3840033FAAF /* Info.plist */ = {isa = PBXFileReference; lastKnownFileType = text.plist.xml; path = Info.plist; sourceTree = "<group>"; };
/* End PBXFileReference section */

/* Begin PBXFrameworksBuildPhase section */
		0CF82E032A52F3830033FAAF /* Frameworks */ = {
			isa = PBXFrameworksBuildPhase;
			buildActionMask = 2147483647;
			files = (
			);
			runOnlyForDeploymentPostprocessing = 0;
		};
/* End PBXFrameworksBuildPhase section */

/* Begin PBXGroup section */
		0CF82DFD2A52F3830033FAAF = {
			isa = PBXGroup;
			children = (
				0CF82E082A52F3830033FAAF /* PhotoPicker_Example */,
				0CF82E072A52F3830033FAAF /* Products */,
			);
			sourceTree = "<group>";
		};
		0CF82E072A52F3830033FAAF /* Products */ = {
			isa = PBXGroup;
			children = (
				0CF82E062A52F3830033FAAF /* PhotoPicker_Example.app */,
			);
			name = Products;
			sourceTree = "<group>";
		};
		0CF82E082A52F3830033FAAF /* PhotoPicker_Example */ = {
			isa = PBXGroup;
			children = (
				0CF82E092A52F3830033FAAF /* AppDelegate.swift */,
				0CF82E0B2A52F3830033FAAF /* SceneDelegate.swift */,
				0CF82E0D2A52F3830033FAAF /* AlbumViewController.swift */,
				0CF82E122A52F3840033FAAF /* Assets.xcassets */,
				0CF82E142A52F3840033FAAF /* LaunchScreen.storyboard */,
				0CF82E172A52F3840033FAAF /* Info.plist */,
				0CDAEE8F2A54499A0081143A /* AlbumCollectionViewCell.swift */,
				0C6312E22A72B40200D13985 /* PhotoLibrary.swift */,
				0C6312E42A77D10000D13985 /* PHAssetCollection.swift */,
				0C6312E62A77D7E400D13985 /* PHAsset.swift */,
				0C6312E82A77E00E00D13985 /* PhotosViewController.swift */,
				0C6312EA2A77E28900D13985 /* PhotosCollectionViewCell.swift */,
				0C0AA5E42A7A986F003E13AC /* DetailViewController.swift */,
			);
			path = PhotoPicker_Example;
			sourceTree = "<group>";
		};
/* End PBXGroup section */

/* Begin PBXNativeTarget section */
		0CF82E052A52F3830033FAAF /* PhotoPicker_Example */ = {
			isa = PBXNativeTarget;
			buildConfigurationList = 0CF82E1A2A52F3840033FAAF /* Build configuration list for PBXNativeTarget "PhotoPicker_Example" */;
			buildPhases = (
				0CF82E022A52F3830033FAAF /* Sources */,
				0CF82E032A52F3830033FAAF /* Frameworks */,
				0CF82E042A52F3830033FAAF /* Resources */,
			);
			buildRules = (
			);
			dependencies = (
			);
			name = PhotoPicker_Example;
			productName = PhotoPicker_Example;
			productReference = 0CF82E062A52F3830033FAAF /* PhotoPicker_Example.app */;
			productType = "com.apple.product-type.application";
		};
/* End PBXNativeTarget section */

/* Begin PBXProject section */
		0CF82DFE2A52F3830033FAAF /* Project object */ = {
			isa = PBXProject;
			attributes = {
				BuildIndependentTargetsInParallel = 1;
				LastSwiftUpdateCheck = 1420;
				LastUpgradeCheck = 1420;
				TargetAttributes = {
					0CF82E052A52F3830033FAAF = {
						CreatedOnToolsVersion = 14.2;
					};
				};
			};
			buildConfigurationList = 0CF82E012A52F3830033FAAF /* Build configuration list for PBXProject "PhotoPicker_Example" */;
			compatibilityVersion = "Xcode 14.0";
			developmentRegion = en;
			hasScannedForEncodings = 0;
			knownRegions = (
				en,
				Base,
			);
			mainGroup = 0CF82DFD2A52F3830033FAAF;
			productRefGroup = 0CF82E072A52F3830033FAAF /* Products */;
			projectDirPath = "";
			projectRoot = "";
			targets = (
				0CF82E052A52F3830033FAAF /* PhotoPicker_Example */,
			);
		};
/* End PBXProject section */

/* Begin PBXResourcesBuildPhase section */
		0CF82E042A52F3830033FAAF /* Resources */ = {
			isa = PBXResourcesBuildPhase;
			buildActionMask = 2147483647;
			files = (
				0CF82E162A52F3840033FAAF /* LaunchScreen.storyboard in Resources */,
				0CF82E132A52F3840033FAAF /* Assets.xcassets in Resources */,
			);
			runOnlyForDeploymentPostprocessing = 0;
		};
/* End PBXResourcesBuildPhase section */

/* Begin PBXSourcesBuildPhase section */
		0CF82E022A52F3830033FAAF /* Sources */ = {
			isa = PBXSourcesBuildPhase;
			buildActionMask = 2147483647;
			files = (
				0CDAEE902A54499A0081143A /* AlbumCollectionViewCell.swift in Sources */,
				0C6312E92A77E00E00D13985 /* PhotosViewController.swift in Sources */,
				0C6312EB2A77E28900D13985 /* PhotosCollectionViewCell.swift in Sources */,
				0C6312E72A77D7E400D13985 /* PHAsset.swift in Sources */,
				0CF82E0E2A52F3830033FAAF /* AlbumViewController.swift in Sources */,
				0C6312E52A77D10000D13985 /* PHAssetCollection.swift in Sources */,
				0CF82E0A2A52F3830033FAAF /* AppDelegate.swift in Sources */,
				0C0AA5E52A7A986F003E13AC /* DetailViewController.swift in Sources */,
				0CF82E0C2A52F3830033FAAF /* SceneDelegate.swift in Sources */,
				0C6312E32A72B40200D13985 /* PhotoLibrary.swift in Sources */,
			);
			runOnlyForDeploymentPostprocessing = 0;
		};
/* End PBXSourcesBuildPhase section */

/* Begin PBXVariantGroup section */
		0CF82E142A52F3840033FAAF /* LaunchScreen.storyboard */ = {
			isa = PBXVariantGroup;
			children = (
				0CF82E152A52F3840033FAAF /* Base */,
			);
			name = LaunchScreen.storyboard;
			sourceTree = "<group>";
		};
/* End PBXVariantGroup section */

/* Begin XCBuildConfiguration section */
		0CF82E182A52F3840033FAAF /* Debug */ = {
			isa = XCBuildConfiguration;
			buildSettings = {
				ALWAYS_SEARCH_USER_PATHS = NO;
				CLANG_ANALYZER_NONNULL = YES;
				CLANG_ANALYZER_NUMBER_OBJECT_CONVERSION = YES_AGGRESSIVE;
				CLANG_CXX_LANGUAGE_STANDARD = "gnu++20";
				CLANG_ENABLE_MODULES = YES;
				CLANG_ENABLE_OBJC_ARC = YES;
				CLANG_ENABLE_OBJC_WEAK = YES;
				CLANG_WARN_BLOCK_CAPTURE_AUTORELEASING = YES;
				CLANG_WARN_BOOL_CONVERSION = YES;
				CLANG_WARN_COMMA = YES;
				CLANG_WARN_CONSTANT_CONVERSION = YES;
				CLANG_WARN_DEPRECATED_OBJC_IMPLEMENTATIONS = YES;
				CLANG_WARN_DIRECT_OBJC_ISA_USAGE = YES_ERROR;
				CLANG_WARN_DOCUMENTATION_COMMENTS = YES;
				CLANG_WARN_EMPTY_BODY = YES;
				CLANG_WARN_ENUM_CONVERSION = YES;
				CLANG_WARN_INFINITE_RECURSION = YES;
				CLANG_WARN_INT_CONVERSION = YES;
				CLANG_WARN_NON_LITERAL_NULL_CONVERSION = YES;
				CLANG_WARN_OBJC_IMPLICIT_RETAIN_SELF = YES;
				CLANG_WARN_OBJC_LITERAL_CONVERSION = YES;
				CLANG_WARN_OBJC_ROOT_CLASS = YES_ERROR;
				CLANG_WARN_QUOTED_INCLUDE_IN_FRAMEWORK_HEADER = YES;
				CLANG_WARN_RANGE_LOOP_ANALYSIS = YES;
				CLANG_WARN_STRICT_PROTOTYPES = YES;
				CLANG_WARN_SUSPICIOUS_MOVE = YES;
				CLANG_WARN_UNGUARDED_AVAILABILITY = YES_AGGRESSIVE;
				CLANG_WARN_UNREACHABLE_CODE = YES;
				CLANG_WARN__DUPLICATE_METHOD_MATCH = YES;
				COPY_PHASE_STRIP = NO;
				DEBUG_INFORMATION_FORMAT = dwarf;
				ENABLE_STRICT_OBJC_MSGSEND = YES;
				ENABLE_TESTABILITY = YES;
				GCC_C_LANGUAGE_STANDARD = gnu11;
				GCC_DYNAMIC_NO_PIC = NO;
				GCC_NO_COMMON_BLOCKS = YES;
				GCC_OPTIMIZATION_LEVEL = 0;
				GCC_PREPROCESSOR_DEFINITIONS = (
					"DEBUG=1",
					"$(inherited)",
				);
				GCC_WARN_64_TO_32_BIT_CONVERSION = YES;
				GCC_WARN_ABOUT_RETURN_TYPE = YES_ERROR;
				GCC_WARN_UNDECLARED_SELECTOR = YES;
				GCC_WARN_UNINITIALIZED_AUTOS = YES_AGGRESSIVE;
				GCC_WARN_UNUSED_FUNCTION = YES;
				GCC_WARN_UNUSED_VARIABLE = YES;
				IPHONEOS_DEPLOYMENT_TARGET = 16.2;
				MTL_ENABLE_DEBUG_INFO = INCLUDE_SOURCE;
				MTL_FAST_MATH = YES;
				ONLY_ACTIVE_ARCH = YES;
				SDKROOT = iphoneos;
				SWIFT_ACTIVE_COMPILATION_CONDITIONS = DEBUG;
				SWIFT_OPTIMIZATION_LEVEL = "-Onone";
			};
			name = Debug;
		};
		0CF82E192A52F3840033FAAF /* Release */ = {
			isa = XCBuildConfiguration;
			buildSettings = {
				ALWAYS_SEARCH_USER_PATHS = NO;
				CLANG_ANALYZER_NONNULL = YES;
				CLANG_ANALYZER_NUMBER_OBJECT_CONVERSION = YES_AGGRESSIVE;
				CLANG_CXX_LANGUAGE_STANDARD = "gnu++20";
				CLANG_ENABLE_MODULES = YES;
				CLANG_ENABLE_OBJC_ARC = YES;
				CLANG_ENABLE_OBJC_WEAK = YES;
				CLANG_WARN_BLOCK_CAPTURE_AUTORELEASING = YES;
				CLANG_WARN_BOOL_CONVERSION = YES;
				CLANG_WARN_COMMA = YES;
				CLANG_WARN_CONSTANT_CONVERSION = YES;
				CLANG_WARN_DEPRECATED_OBJC_IMPLEMENTATIONS = YES;
				CLANG_WARN_DIRECT_OBJC_ISA_USAGE = YES_ERROR;
				CLANG_WARN_DOCUMENTATION_COMMENTS = YES;
				CLANG_WARN_EMPTY_BODY = YES;
				CLANG_WARN_ENUM_CONVERSION = YES;
				CLANG_WARN_INFINITE_RECURSION = YES;
				CLANG_WARN_INT_CONVERSION = YES;
				CLANG_WARN_NON_LITERAL_NULL_CONVERSION = YES;
				CLANG_WARN_OBJC_IMPLICIT_RETAIN_SELF = YES;
				CLANG_WARN_OBJC_LITERAL_CONVERSION = YES;
				CLANG_WARN_OBJC_ROOT_CLASS = YES_ERROR;
				CLANG_WARN_QUOTED_INCLUDE_IN_FRAMEWORK_HEADER = YES;
				CLANG_WARN_RANGE_LOOP_ANALYSIS = YES;
				CLANG_WARN_STRICT_PROTOTYPES = YES;
				CLANG_WARN_SUSPICIOUS_MOVE = YES;
				CLANG_WARN_UNGUARDED_AVAILABILITY = YES_AGGRESSIVE;
				CLANG_WARN_UNREACHABLE_CODE = YES;
				CLANG_WARN__DUPLICATE_METHOD_MATCH = YES;
				COPY_PHASE_STRIP = NO;
				DEBUG_INFORMATION_FORMAT = "dwarf-with-dsym";
				ENABLE_NS_ASSERTIONS = NO;
				ENABLE_STRICT_OBJC_MSGSEND = YES;
				GCC_C_LANGUAGE_STANDARD = gnu11;
				GCC_NO_COMMON_BLOCKS = YES;
				GCC_WARN_64_TO_32_BIT_CONVERSION = YES;
				GCC_WARN_ABOUT_RETURN_TYPE = YES_ERROR;
				GCC_WARN_UNDECLARED_SELECTOR = YES;
				GCC_WARN_UNINITIALIZED_AUTOS = YES_AGGRESSIVE;
				GCC_WARN_UNUSED_FUNCTION = YES;
				GCC_WARN_UNUSED_VARIABLE = YES;
				IPHONEOS_DEPLOYMENT_TARGET = 16.2;
				MTL_ENABLE_DEBUG_INFO = NO;
				MTL_FAST_MATH = YES;
				SDKROOT = iphoneos;
				SWIFT_COMPILATION_MODE = wholemodule;
				SWIFT_OPTIMIZATION_LEVEL = "-O";
				VALIDATE_PRODUCT = YES;
			};
			name = Release;
		};
		0CF82E1B2A52F3840033FAAF /* Debug */ = {
			isa = XCBuildConfiguration;
			buildSettings = {
				ASSETCATALOG_COMPILER_APPICON_NAME = AppIcon;
				ASSETCATALOG_COMPILER_GLOBAL_ACCENT_COLOR_NAME = AccentColor;
				CODE_SIGN_STYLE = Automatic;
				CURRENT_PROJECT_VERSION = 1;
				DEVELOPMENT_TEAM = Y89LJ6BC92;
				GENERATE_INFOPLIST_FILE = YES;
				INFOPLIST_FILE = PhotoPicker_Example/Info.plist;
				INFOPLIST_KEY_NSPhotoLibraryAddUsageDescription = "사진첩에 접근하겠다리";
				INFOPLIST_KEY_NSPhotoLibraryUsageDescription = "사진첩에서 사진을 가져다 쓰겠음";
				INFOPLIST_KEY_UIApplicationSupportsIndirectInputEvents = YES;
				INFOPLIST_KEY_UILaunchStoryboardName = LaunchScreen;
				INFOPLIST_KEY_UISupportedInterfaceOrientations_iPad = "UIInterfaceOrientationPortrait UIInterfaceOrientationPortraitUpsideDown UIInterfaceOrientationLandscapeLeft UIInterfaceOrientationLandscapeRight";
				INFOPLIST_KEY_UISupportedInterfaceOrientations_iPhone = "UIInterfaceOrientationPortrait UIInterfaceOrientationLandscapeLeft UIInterfaceOrientationLandscapeRight";
				LD_RUNPATH_SEARCH_PATHS = (
					"$(inherited)",
					"@executable_path/Frameworks",
				);
				MARKETING_VERSION = 1.0;
				PRODUCT_BUNDLE_IDENTIFIER = "com.yyjyyj333.PhotoPicker-Example";
				PRODUCT_NAME = "$(TARGET_NAME)";
				SWIFT_EMIT_LOC_STRINGS = YES;
				SWIFT_VERSION = 5.0;
				TARGETED_DEVICE_FAMILY = "1,2";
			};
			name = Debug;
		};
		0CF82E1C2A52F3840033FAAF /* Release */ = {
			isa = XCBuildConfiguration;
			buildSettings = {
				ASSETCATALOG_COMPILER_APPICON_NAME = AppIcon;
				ASSETCATALOG_COMPILER_GLOBAL_ACCENT_COLOR_NAME = AccentColor;
				CODE_SIGN_STYLE = Automatic;
				CURRENT_PROJECT_VERSION = 1;
				DEVELOPMENT_TEAM = Y89LJ6BC92;
				GENERATE_INFOPLIST_FILE = YES;
				INFOPLIST_FILE = PhotoPicker_Example/Info.plist;
				INFOPLIST_KEY_NSPhotoLibraryAddUsageDescription = "사진첩에 접근하겠다리";
				INFOPLIST_KEY_NSPhotoLibraryUsageDescription = "사진첩에서 사진을 가져다 쓰겠음";
				INFOPLIST_KEY_UIApplicationSupportsIndirectInputEvents = YES;
				INFOPLIST_KEY_UILaunchStoryboardName = LaunchScreen;
				INFOPLIST_KEY_UISupportedInterfaceOrientations_iPad = "UIInterfaceOrientationPortrait UIInterfaceOrientationPortraitUpsideDown UIInterfaceOrientationLandscapeLeft UIInterfaceOrientationLandscapeRight";
				INFOPLIST_KEY_UISupportedInterfaceOrientations_iPhone = "UIInterfaceOrientationPortrait UIInterfaceOrientationLandscapeLeft UIInterfaceOrientationLandscapeRight";
				LD_RUNPATH_SEARCH_PATHS = (
					"$(inherited)",
					"@executable_path/Frameworks",
				);
				MARKETING_VERSION = 1.0;
				PRODUCT_BUNDLE_IDENTIFIER = "com.yyjyyj333.PhotoPicker-Example";
				PRODUCT_NAME = "$(TARGET_NAME)";
				SWIFT_EMIT_LOC_STRINGS = YES;
				SWIFT_VERSION = 5.0;
				TARGETED_DEVICE_FAMILY = "1,2";
			};
			name = Release;
		};
/* End XCBuildConfiguration section */

/* Begin XCConfigurationList section */
		0CF82E012A52F3830033FAAF /* Build configuration list for PBXProject "PhotoPicker_Example" */ = {
			isa = XCConfigurationList;
			buildConfigurations = (
				0CF82E182A52F3840033FAAF /* Debug */,
				0CF82E192A52F3840033FAAF /* Release */,
			);
			defaultConfigurationIsVisible = 0;
			defaultConfigurationName = Release;
		};
		0CF82E1A2A52F3840033FAAF /* Build configuration list for PBXNativeTarget "PhotoPicker_Example" */ = {
			isa = XCConfigurationList;
			buildConfigurations = (
				0CF82E1B2A52F3840033FAAF /* Debug */,
				0CF82E1C2A52F3840033FAAF /* Release */,
			);
			defaultConfigurationIsVisible = 0;
			defaultConfigurationName = Release;
		};
/* End XCConfigurationList section */
	};
	rootObject = 0CF82DFE2A52F3830033FAAF /* Project object */;
}
