// !$*UTF8*$!
{
	archiveVersion = 1;
	classes = {
	};
	objectVersion = 56;
	objects = {

/* Begin PBXBuildFile section */
		0CBBDB7128FFF678003CD3FD /* AppDelegate.swift in Sources */ = {isa = PBXBuildFile; fileRef = 0CBBDB7028FFF678003CD3FD /* AppDelegate.swift */; };
		0CBBDB7328FFF678003CD3FD /* SceneDelegate.swift in Sources */ = {isa = PBXBuildFile; fileRef = 0CBBDB7228FFF678003CD3FD /* SceneDelegate.swift */; };
		0CBBDB7528FFF678003CD3FD /* ViewController.swift in Sources */ = {isa = PBXBuildFile; fileRef = 0CBBDB7428FFF678003CD3FD /* ViewController.swift */; };
		0CBBDB7828FFF678003CD3FD /* Main.storyboard in Resources */ = {isa = PBXBuildFile; fileRef = 0CBBDB7628FFF678003CD3FD /* Main.storyboard */; };
		0CBBDB7A28FFF67A003CD3FD /* Assets.xcassets in Resources */ = {isa = PBXBuildFile; fileRef = 0CBBDB7928FFF67A003CD3FD /* Assets.xcassets */; };
		0CBBDB7D28FFF67A003CD3FD /* LaunchScreen.storyboard in Resources */ = {isa = PBXBuildFile; fileRef = 0CBBDB7B28FFF67A003CD3FD /* LaunchScreen.storyboard */; };
		0CBBDB8528FFF802003CD3FD /* WeatherService.swift in Sources */ = {isa = PBXBuildFile; fileRef = 0CBBDB8428FFF802003CD3FD /* WeatherService.swift */; };
		0CBBDB8728FFF8BF003CD3FD /* WeatherInfo.swift in Sources */ = {isa = PBXBuildFile; fileRef = 0CBBDB8628FFF8BF003CD3FD /* WeatherInfo.swift */; };
/* End PBXBuildFile section */

/* Begin PBXFileReference section */
		0CBBDB6D28FFF678003CD3FD /* WeatherPublisher.app */ = {isa = PBXFileReference; explicitFileType = wrapper.application; includeInIndex = 0; path = WeatherPublisher.app; sourceTree = BUILT_PRODUCTS_DIR; };
		0CBBDB7028FFF678003CD3FD /* AppDelegate.swift */ = {isa = PBXFileReference; lastKnownFileType = sourcecode.swift; path = AppDelegate.swift; sourceTree = "<group>"; };
		0CBBDB7228FFF678003CD3FD /* SceneDelegate.swift */ = {isa = PBXFileReference; lastKnownFileType = sourcecode.swift; path = SceneDelegate.swift; sourceTree = "<group>"; };
		0CBBDB7428FFF678003CD3FD /* ViewController.swift */ = {isa = PBXFileReference; lastKnownFileType = sourcecode.swift; path = ViewController.swift; sourceTree = "<group>"; };
		0CBBDB7728FFF678003CD3FD /* Base */ = {isa = PBXFileReference; lastKnownFileType = file.storyboard; name = Base; path = Base.lproj/Main.storyboard; sourceTree = "<group>"; };
		0CBBDB7928FFF67A003CD3FD /* Assets.xcassets */ = {isa = PBXFileReference; lastKnownFileType = folder.assetcatalog; path = Assets.xcassets; sourceTree = "<group>"; };
		0CBBDB7C28FFF67A003CD3FD /* Base */ = {isa = PBXFileReference; lastKnownFileType = file.storyboard; name = Base; path = Base.lproj/LaunchScreen.storyboard; sourceTree = "<group>"; };
		0CBBDB7E28FFF67A003CD3FD /* Info.plist */ = {isa = PBXFileReference; lastKnownFileType = text.plist.xml; path = Info.plist; sourceTree = "<group>"; };
		0CBBDB8428FFF802003CD3FD /* WeatherService.swift */ = {isa = PBXFileReference; lastKnownFileType = sourcecode.swift; path = WeatherService.swift; sourceTree = "<group>"; };
		0CBBDB8628FFF8BF003CD3FD /* WeatherInfo.swift */ = {isa = PBXFileReference; lastKnownFileType = sourcecode.swift; path = WeatherInfo.swift; sourceTree = "<group>"; };
/* End PBXFileReference section */

/* Begin PBXFrameworksBuildPhase section */
		0CBBDB6A28FFF678003CD3FD /* Frameworks */ = {
			isa = PBXFrameworksBuildPhase;
			buildActionMask = 2147483647;
			files = (
			);
			runOnlyForDeploymentPostprocessing = 0;
		};
/* End PBXFrameworksBuildPhase section */

/* Begin PBXGroup section */
		0CBBDB6428FFF678003CD3FD = {
			isa = PBXGroup;
			children = (
				0CBBDB6F28FFF678003CD3FD /* WeatherPublisher */,
				0CBBDB6E28FFF678003CD3FD /* Products */,
			);
			sourceTree = "<group>";
		};
		0CBBDB6E28FFF678003CD3FD /* Products */ = {
			isa = PBXGroup;
			children = (
				0CBBDB6D28FFF678003CD3FD /* WeatherPublisher.app */,
			);
			name = Products;
			sourceTree = "<group>";
		};
		0CBBDB6F28FFF678003CD3FD /* WeatherPublisher */ = {
			isa = PBXGroup;
			children = (
				0CBBDB8628FFF8BF003CD3FD /* WeatherInfo.swift */,
				0CBBDB7028FFF678003CD3FD /* AppDelegate.swift */,
				0CBBDB7228FFF678003CD3FD /* SceneDelegate.swift */,
				0CBBDB7428FFF678003CD3FD /* ViewController.swift */,
				0CBBDB7628FFF678003CD3FD /* Main.storyboard */,
				0CBBDB7928FFF67A003CD3FD /* Assets.xcassets */,
				0CBBDB7B28FFF67A003CD3FD /* LaunchScreen.storyboard */,
				0CBBDB7E28FFF67A003CD3FD /* Info.plist */,
				0CBBDB8428FFF802003CD3FD /* WeatherService.swift */,
			);
			path = WeatherPublisher;
			sourceTree = "<group>";
		};
/* End PBXGroup section */

/* Begin PBXNativeTarget section */
		0CBBDB6C28FFF678003CD3FD /* WeatherPublisher */ = {
			isa = PBXNativeTarget;
			buildConfigurationList = 0CBBDB8128FFF67A003CD3FD /* Build configuration list for PBXNativeTarget "WeatherPublisher" */;
			buildPhases = (
				0CBBDB6928FFF678003CD3FD /* Sources */,
				0CBBDB6A28FFF678003CD3FD /* Frameworks */,
				0CBBDB6B28FFF678003CD3FD /* Resources */,
			);
			buildRules = (
			);
			dependencies = (
			);
			name = WeatherPublisher;
			productName = WeatherPublisher;
			productReference = 0CBBDB6D28FFF678003CD3FD /* WeatherPublisher.app */;
			productType = "com.apple.product-type.application";
		};
/* End PBXNativeTarget section */

/* Begin PBXProject section */
		0CBBDB6528FFF678003CD3FD /* Project object */ = {
			isa = PBXProject;
			attributes = {
				BuildIndependentTargetsInParallel = 1;
				LastSwiftUpdateCheck = 1400;
				LastUpgradeCheck = 1400;
				TargetAttributes = {
					0CBBDB6C28FFF678003CD3FD = {
						CreatedOnToolsVersion = 14.0.1;
					};
				};
			};
			buildConfigurationList = 0CBBDB6828FFF678003CD3FD /* Build configuration list for PBXProject "WeatherPublisher" */;
			compatibilityVersion = "Xcode 14.0";
			developmentRegion = en;
			hasScannedForEncodings = 0;
			knownRegions = (
				en,
				Base,
			);
			mainGroup = 0CBBDB6428FFF678003CD3FD;
			productRefGroup = 0CBBDB6E28FFF678003CD3FD /* Products */;
			projectDirPath = "";
			projectRoot = "";
			targets = (
				0CBBDB6C28FFF678003CD3FD /* WeatherPublisher */,
			);
		};
/* End PBXProject section */

/* Begin PBXResourcesBuildPhase section */
		0CBBDB6B28FFF678003CD3FD /* Resources */ = {
			isa = PBXResourcesBuildPhase;
			buildActionMask = 2147483647;
			files = (
				0CBBDB7D28FFF67A003CD3FD /* LaunchScreen.storyboard in Resources */,
				0CBBDB7A28FFF67A003CD3FD /* Assets.xcassets in Resources */,
				0CBBDB7828FFF678003CD3FD /* Main.storyboard in Resources */,
			);
			runOnlyForDeploymentPostprocessing = 0;
		};
/* End PBXResourcesBuildPhase section */

/* Begin PBXSourcesBuildPhase section */
		0CBBDB6928FFF678003CD3FD /* Sources */ = {
			isa = PBXSourcesBuildPhase;
			buildActionMask = 2147483647;
			files = (
				0CBBDB8528FFF802003CD3FD /* WeatherService.swift in Sources */,
				0CBBDB7528FFF678003CD3FD /* ViewController.swift in Sources */,
				0CBBDB7128FFF678003CD3FD /* AppDelegate.swift in Sources */,
				0CBBDB8728FFF8BF003CD3FD /* WeatherInfo.swift in Sources */,
				0CBBDB7328FFF678003CD3FD /* SceneDelegate.swift in Sources */,
			);
			runOnlyForDeploymentPostprocessing = 0;
		};
/* End PBXSourcesBuildPhase section */

/* Begin PBXVariantGroup section */
		0CBBDB7628FFF678003CD3FD /* Main.storyboard */ = {
			isa = PBXVariantGroup;
			children = (
				0CBBDB7728FFF678003CD3FD /* Base */,
			);
			name = Main.storyboard;
			sourceTree = "<group>";
		};
		0CBBDB7B28FFF67A003CD3FD /* LaunchScreen.storyboard */ = {
			isa = PBXVariantGroup;
			children = (
				0CBBDB7C28FFF67A003CD3FD /* Base */,
			);
			name = LaunchScreen.storyboard;
			sourceTree = "<group>";
		};
/* End PBXVariantGroup section */

/* Begin XCBuildConfiguration section */
		0CBBDB7F28FFF67A003CD3FD /* Debug */ = {
			isa = XCBuildConfiguration;
			buildSettings = {
				ALWAYS_SEARCH_USER_PATHS = NO;
				CLANG_ANALYZER_NONNULL = YES;
				CLANG_ANALYZER_NUMBER_OBJECT_CONVERSION = YES_AGGRESSIVE;
				CLANG_CXX_LANGUAGE_STANDARD = "gnu++20";
				CLANG_ENABLE_MODULES = YES;
				CLANG_ENABLE_OBJC_ARC = YES;
				CLANG_ENABLE_OBJC_WEAK = YES;
				CLANG_WARN_BLOCK_CAPTURE_AUTORELEASING = YES;
				CLANG_WARN_BOOL_CONVERSION = YES;
				CLANG_WARN_COMMA = YES;
				CLANG_WARN_CONSTANT_CONVERSION = YES;
				CLANG_WARN_DEPRECATED_OBJC_IMPLEMENTATIONS = YES;
				CLANG_WARN_DIRECT_OBJC_ISA_USAGE = YES_ERROR;
				CLANG_WARN_DOCUMENTATION_COMMENTS = YES;
				CLANG_WARN_EMPTY_BODY = YES;
				CLANG_WARN_ENUM_CONVERSION = YES;
				CLANG_WARN_INFINITE_RECURSION = YES;
				CLANG_WARN_INT_CONVERSION = YES;
				CLANG_WARN_NON_LITERAL_NULL_CONVERSION = YES;
				CLANG_WARN_OBJC_IMPLICIT_RETAIN_SELF = YES;
				CLANG_WARN_OBJC_LITERAL_CONVERSION = YES;
				CLANG_WARN_OBJC_ROOT_CLASS = YES_ERROR;
				CLANG_WARN_QUOTED_INCLUDE_IN_FRAMEWORK_HEADER = YES;
				CLANG_WARN_RANGE_LOOP_ANALYSIS = YES;
				CLANG_WARN_STRICT_PROTOTYPES = YES;
				CLANG_WARN_SUSPICIOUS_MOVE = YES;
				CLANG_WARN_UNGUARDED_AVAILABILITY = YES_AGGRESSIVE;
				CLANG_WARN_UNREACHABLE_CODE = YES;
				CLANG_WARN__DUPLICATE_METHOD_MATCH = YES;
				COPY_PHASE_STRIP = NO;
				DEBUG_INFORMATION_FORMAT = dwarf;
				ENABLE_STRICT_OBJC_MSGSEND = YES;
				ENABLE_TESTABILITY = YES;
				GCC_C_LANGUAGE_STANDARD = gnu11;
				GCC_DYNAMIC_NO_PIC = NO;
				GCC_NO_COMMON_BLOCKS = YES;
				GCC_OPTIMIZATION_LEVEL = 0;
				GCC_PREPROCESSOR_DEFINITIONS = (
					"DEBUG=1",
					"$(inherited)",
				);
				GCC_WARN_64_TO_32_BIT_CONVERSION = YES;
				GCC_WARN_ABOUT_RETURN_TYPE = YES_ERROR;
				GCC_WARN_UNDECLARED_SELECTOR = YES;
				GCC_WARN_UNINITIALIZED_AUTOS = YES_AGGRESSIVE;
				GCC_WARN_UNUSED_FUNCTION = YES;
				GCC_WARN_UNUSED_VARIABLE = YES;
				IPHONEOS_DEPLOYMENT_TARGET = 16.0;
				MTL_ENABLE_DEBUG_INFO = INCLUDE_SOURCE;
				MTL_FAST_MATH = YES;
				ONLY_ACTIVE_ARCH = YES;
				SDKROOT = iphoneos;
				SWIFT_ACTIVE_COMPILATION_CONDITIONS = DEBUG;
				SWIFT_OPTIMIZATION_LEVEL = "-Onone";
			};
			name = Debug;
		};
		0CBBDB8028FFF67A003CD3FD /* Release */ = {
			isa = XCBuildConfiguration;
			buildSettings = {
				ALWAYS_SEARCH_USER_PATHS = NO;
				CLANG_ANALYZER_NONNULL = YES;
				CLANG_ANALYZER_NUMBER_OBJECT_CONVERSION = YES_AGGRESSIVE;
				CLANG_CXX_LANGUAGE_STANDARD = "gnu++20";
				CLANG_ENABLE_MODULES = YES;
				CLANG_ENABLE_OBJC_ARC = YES;
				CLANG_ENABLE_OBJC_WEAK = YES;
				CLANG_WARN_BLOCK_CAPTURE_AUTORELEASING = YES;
				CLANG_WARN_BOOL_CONVERSION = YES;
				CLANG_WARN_COMMA = YES;
				CLANG_WARN_CONSTANT_CONVERSION = YES;
				CLANG_WARN_DEPRECATED_OBJC_IMPLEMENTATIONS = YES;
				CLANG_WARN_DIRECT_OBJC_ISA_USAGE = YES_ERROR;
				CLANG_WARN_DOCUMENTATION_COMMENTS = YES;
				CLANG_WARN_EMPTY_BODY = YES;
				CLANG_WARN_ENUM_CONVERSION = YES;
				CLANG_WARN_INFINITE_RECURSION = YES;
				CLANG_WARN_INT_CONVERSION = YES;
				CLANG_WARN_NON_LITERAL_NULL_CONVERSION = YES;
				CLANG_WARN_OBJC_IMPLICIT_RETAIN_SELF = YES;
				CLANG_WARN_OBJC_LITERAL_CONVERSION = YES;
				CLANG_WARN_OBJC_ROOT_CLASS = YES_ERROR;
				CLANG_WARN_QUOTED_INCLUDE_IN_FRAMEWORK_HEADER = YES;
				CLANG_WARN_RANGE_LOOP_ANALYSIS = YES;
				CLANG_WARN_STRICT_PROTOTYPES = YES;
				CLANG_WARN_SUSPICIOUS_MOVE = YES;
				CLANG_WARN_UNGUARDED_AVAILABILITY = YES_AGGRESSIVE;
				CLANG_WARN_UNREACHABLE_CODE = YES;
				CLANG_WARN__DUPLICATE_METHOD_MATCH = YES;
				COPY_PHASE_STRIP = NO;
				DEBUG_INFORMATION_FORMAT = "dwarf-with-dsym";
				ENABLE_NS_ASSERTIONS = NO;
				ENABLE_STRICT_OBJC_MSGSEND = YES;
				GCC_C_LANGUAGE_STANDARD = gnu11;
				GCC_NO_COMMON_BLOCKS = YES;
				GCC_WARN_64_TO_32_BIT_CONVERSION = YES;
				GCC_WARN_ABOUT_RETURN_TYPE = YES_ERROR;
				GCC_WARN_UNDECLARED_SELECTOR = YES;
				GCC_WARN_UNINITIALIZED_AUTOS = YES_AGGRESSIVE;
				GCC_WARN_UNUSED_FUNCTION = YES;
				GCC_WARN_UNUSED_VARIABLE = YES;
				IPHONEOS_DEPLOYMENT_TARGET = 16.0;
				MTL_ENABLE_DEBUG_INFO = NO;
				MTL_FAST_MATH = YES;
				SDKROOT = iphoneos;
				SWIFT_COMPILATION_MODE = wholemodule;
				SWIFT_OPTIMIZATION_LEVEL = "-O";
				VALIDATE_PRODUCT = YES;
			};
			name = Release;
		};
		0CBBDB8228FFF67A003CD3FD /* Debug */ = {
			isa = XCBuildConfiguration;
			buildSettings = {
				ASSETCATALOG_COMPILER_APPICON_NAME = AppIcon;
				ASSETCATALOG_COMPILER_GLOBAL_ACCENT_COLOR_NAME = AccentColor;
				CODE_SIGN_STYLE = Automatic;
				CURRENT_PROJECT_VERSION = 1;
				DEVELOPMENT_TEAM = Y89LJ6BC92;
				GENERATE_INFOPLIST_FILE = YES;
				INFOPLIST_FILE = WeatherPublisher/Info.plist;
				INFOPLIST_KEY_UIApplicationSupportsIndirectInputEvents = YES;
				INFOPLIST_KEY_UILaunchStoryboardName = LaunchScreen;
				INFOPLIST_KEY_UIMainStoryboardFile = Main;
				INFOPLIST_KEY_UISupportedInterfaceOrientations_iPad = "UIInterfaceOrientationPortrait UIInterfaceOrientationPortraitUpsideDown UIInterfaceOrientationLandscapeLeft UIInterfaceOrientationLandscapeRight";
				INFOPLIST_KEY_UISupportedInterfaceOrientations_iPhone = "UIInterfaceOrientationPortrait UIInterfaceOrientationLandscapeLeft UIInterfaceOrientationLandscapeRight";
				LD_RUNPATH_SEARCH_PATHS = (
					"$(inherited)",
					"@executable_path/Frameworks",
				);
				MARKETING_VERSION = 1.0;
				PRODUCT_BUNDLE_IDENTIFIER = com.yyjyyj333.WeatherPublisher;
				PRODUCT_NAME = "$(TARGET_NAME)";
				SWIFT_EMIT_LOC_STRINGS = YES;
				SWIFT_VERSION = 5.0;
				TARGETED_DEVICE_FAMILY = "1,2";
			};
			name = Debug;
		};
		0CBBDB8328FFF67A003CD3FD /* Release */ = {
			isa = XCBuildConfiguration;
			buildSettings = {
				ASSETCATALOG_COMPILER_APPICON_NAME = AppIcon;
				ASSETCATALOG_COMPILER_GLOBAL_ACCENT_COLOR_NAME = AccentColor;
				CODE_SIGN_STYLE = Automatic;
				CURRENT_PROJECT_VERSION = 1;
				DEVELOPMENT_TEAM = Y89LJ6BC92;
				GENERATE_INFOPLIST_FILE = YES;
				INFOPLIST_FILE = WeatherPublisher/Info.plist;
				INFOPLIST_KEY_UIApplicationSupportsIndirectInputEvents = YES;
				INFOPLIST_KEY_UILaunchStoryboardName = LaunchScreen;
				INFOPLIST_KEY_UIMainStoryboardFile = Main;
				INFOPLIST_KEY_UISupportedInterfaceOrientations_iPad = "UIInterfaceOrientationPortrait UIInterfaceOrientationPortraitUpsideDown UIInterfaceOrientationLandscapeLeft UIInterfaceOrientationLandscapeRight";
				INFOPLIST_KEY_UISupportedInterfaceOrientations_iPhone = "UIInterfaceOrientationPortrait UIInterfaceOrientationLandscapeLeft UIInterfaceOrientationLandscapeRight";
				LD_RUNPATH_SEARCH_PATHS = (
					"$(inherited)",
					"@executable_path/Frameworks",
				);
				MARKETING_VERSION = 1.0;
				PRODUCT_BUNDLE_IDENTIFIER = com.yyjyyj333.WeatherPublisher;
				PRODUCT_NAME = "$(TARGET_NAME)";
				SWIFT_EMIT_LOC_STRINGS = YES;
				SWIFT_VERSION = 5.0;
				TARGETED_DEVICE_FAMILY = "1,2";
			};
			name = Release;
		};
/* End XCBuildConfiguration section */

/* Begin XCConfigurationList section */
		0CBBDB6828FFF678003CD3FD /* Build configuration list for PBXProject "WeatherPublisher" */ = {
			isa = XCConfigurationList;
			buildConfigurations = (
				0CBBDB7F28FFF67A003CD3FD /* Debug */,
				0CBBDB8028FFF67A003CD3FD /* Release */,
			);
			defaultConfigurationIsVisible = 0;
			defaultConfigurationName = Release;
		};
		0CBBDB8128FFF67A003CD3FD /* Build configuration list for PBXNativeTarget "WeatherPublisher" */ = {
			isa = XCConfigurationList;
			buildConfigurations = (
				0CBBDB8228FFF67A003CD3FD /* Debug */,
				0CBBDB8328FFF67A003CD3FD /* Release */,
			);
			defaultConfigurationIsVisible = 0;
			defaultConfigurationName = Release;
		};
/* End XCConfigurationList section */
	};
	rootObject = 0CBBDB6528FFF678003CD3FD /* Project object */;
}
